github.com/golang-cop/array v0.0.0-20240527144000-f296dc8e9367 h1:KkMJTjwcB0GlNzzO97qI9qz2u8+uDbQGegoL/MNkYOY=
github.com/golang-cop/array v0.0.0-20240527144000-f296dc8e9367/go.mod h1:8nxL7NbjLDEgv0xAioUWbLoUnPUBlqUr/6DaAuLRXpI=
github.com/golang-cop/error v0.0.0-20240527134905-0411e80eb557 h1:TNq7x5QEN+g/71XmPDbzMO29qxZksk4c3RWfcouaVa0=
github.com/golang-cop/error v0.0.0-20240527134905-0411e80eb557/go.mod h1:BUOCKtvB/+8SaYImGivuaEXzQ6dSivw1l/ijzn9nf08=
github.com/golang-cop/null v0.0.0-20240527135322-5ea6aaed8bf9 h1:/uTz7PQxTjfhHghKphEq069ubUn7mWk514tWLkfXUXA=
github.com/golang-cop/null v0.0.0-20240527135322-5ea6aaed8bf9/go.mod h1:+45K2m29Bz4n6+BDePrWwxOiPMOAgJ6JDi26XyiCVig=
github.com/golang-cop/result v0.0.0-20240527141542-cb3939bd2b03 h1:jJsTV14igajy73rLluiR/IYOjjyYDSQlg0aNu6G14ww=
github.com/golang-cop/result v0.0.0-20240527141542-cb3939bd2b03/go.mod h1:uxc2qGaZN271TGS0vONMs+q4nLTUa1VnEoda2wA0Qa8=
